
Microsoft Visual Studio Solution File, Format Version 12.00
# Visual Studio Version 17
VisualStudioVersion = 17.5.002.0
MinimumVisualStudioVersion = 10.0.40219.1
Project("{9A19103F-16F7-4668-BE54-9A1E7A4F7556}") = "04 For Statement", "04 For Statement.csproj", "{BA68DB59-5DA8-4D5C-881C-A3BFC49AF299}"
EndProject
Global
	GlobalSection(SolutionConfigurationPlatforms) = preSolution
		Debug|Any CPU = Debug|Any CPU
		Release|Any CPU = Release|Any CPU
	EndGlobalSection
	GlobalSection(ProjectConfigurationPlatforms) = postSolution
		{BA68DB59-5DA8-4D5C-881C-A3BFC49AF299}.Debug|Any CPU.ActiveCfg = Debug|Any CPU
		{BA68DB59-5DA8-4D5C-881C-A3BFC49AF299}.Debug|Any CPU.Build.0 = Debug|Any CPU
		{BA68DB59-5DA8-4D5C-881C-A3BFC49AF299}.Release|Any CPU.ActiveCfg = Release|Any CPU
		{BA68DB59-5DA8-4D5C-881C-A3BFC49AF299}.Release|Any CPU.Build.0 = Release|Any CPU
	EndGlobalSection
	GlobalSection(SolutionProperties) = preSolution
		HideSolutionNode = FALSE
	EndGlobalSection
	GlobalSection(ExtensibilityGlobals) = postSolution
		SolutionGuid = {F1C2BB8C-DD2F-4B3D-BDBF-92C247A39F23}
	EndGlobalSection
EndGlobal
