
Microsoft Visual Studio Solution File, Format Version 12.00
# Visual Studio Version 17
VisualStudioVersion = 17.5.002.0
MinimumVisualStudioVersion = 10.0.40219.1
Project("{9A19103F-16F7-4668-BE54-9A1E7A4F7556}") = "05 Do While and While", "05 Do While and While.csproj", "{B5C2C657-0605-497A-AB36-C214C270F827}"
EndProject
Global
	GlobalSection(SolutionConfigurationPlatforms) = preSolution
		Debug|Any CPU = Debug|Any CPU
		Release|Any CPU = Release|Any CPU
	EndGlobalSection
	GlobalSection(ProjectConfigurationPlatforms) = postSolution
		{B5C2C657-0605-497A-AB36-C214C270F827}.Debug|Any CPU.ActiveCfg = Debug|Any CPU
		{B5C2C657-0605-497A-AB36-C214C270F827}.Debug|Any CPU.Build.0 = Debug|Any CPU
		{B5C2C657-0605-497A-AB36-C214C270F827}.Release|Any CPU.ActiveCfg = Release|Any CPU
		{B5C2C657-0605-497A-AB36-C214C270F827}.Release|Any CPU.Build.0 = Release|Any CPU
	EndGlobalSection
	GlobalSection(SolutionProperties) = preSolution
		HideSolutionNode = FALSE
	EndGlobalSection
	GlobalSection(ExtensibilityGlobals) = postSolution
		SolutionGuid = {6B3987F8-6F0C-44BC-9D4D-CC70517488DF}
	EndGlobalSection
EndGlobal
