
Microsoft Visual Studio Solution File, Format Version 12.00
# Visual Studio Version 17
VisualStudioVersion = 17.5.002.0
MinimumVisualStudioVersion = 10.0.40219.1
Project("{9A19103F-16F7-4668-BE54-9A1E7A4F7556}") = "06 Conditional Branching and Looping Structures", "06 Conditional Branching and Looping Structures.csproj", "{4AB40C40-42AD-4900-86A7-747BBD8158DB}"
EndProject
Global
	GlobalSection(SolutionConfigurationPlatforms) = preSolution
		Debug|Any CPU = Debug|Any CPU
		Release|Any CPU = Release|Any CPU
	EndGlobalSection
	GlobalSection(ProjectConfigurationPlatforms) = postSolution
		{4AB40C40-42AD-4900-86A7-747BBD8158DB}.Debug|Any CPU.ActiveCfg = Debug|Any CPU
		{4AB40C40-42AD-4900-86A7-747BBD8158DB}.Debug|Any CPU.Build.0 = Debug|Any CPU
		{4AB40C40-42AD-4900-86A7-747BBD8158DB}.Release|Any CPU.ActiveCfg = Release|Any CPU
		{4AB40C40-42AD-4900-86A7-747BBD8158DB}.Release|Any CPU.Build.0 = Release|Any CPU
	EndGlobalSection
	GlobalSection(SolutionProperties) = preSolution
		HideSolutionNode = FALSE
	EndGlobalSection
	GlobalSection(ExtensibilityGlobals) = postSolution
		SolutionGuid = {979D388E-61EE-4876-859F-7E7DB3E551A4}
	EndGlobalSection
EndGlobal
